
Microsoft Visual Studio Solution File, Format Version 12.00
# Visual Studio 15
VisualStudioVersion = 15.0.28010.2046
MinimumVisualStudioVersion = 10.0.40219.1
Project("{FAE04EC0-301F-11D3-BF4B-00C04F79EFBC}") = "N_Szab_Homewrk_Feb_22", "N_Szab_Homewrk_Feb_22\N_Szab_Homewrk_Feb_22.csproj", "{FD6C5365-3679-41EC-AFB7-CC15609C9278}"
EndProject
Global
	GlobalSection(SolutionConfigurationPlatforms) = preSolution
		Debug|Any CPU = Debug|Any CPU
		Release|Any CPU = Release|Any CPU
	EndGlobalSection
	GlobalSection(ProjectConfigurationPlatforms) = postSolution
		{FD6C5365-3679-41EC-AFB7-CC15609C9278}.Debug|Any CPU.ActiveCfg = Debug|Any CPU
		{FD6C5365-3679-41EC-AFB7-CC15609C9278}.Debug|Any CPU.Build.0 = Debug|Any CPU
		{FD6C5365-3679-41EC-AFB7-CC15609C9278}.Release|Any CPU.ActiveCfg = Release|Any CPU
		{FD6C5365-3679-41EC-AFB7-CC15609C9278}.Release|Any CPU.Build.0 = Release|Any CPU
	EndGlobalSection
	GlobalSection(SolutionProperties) = preSolution
		HideSolutionNode = FALSE
	EndGlobalSection
	GlobalSection(ExtensibilityGlobals) = postSolution
		SolutionGuid = {DEFF3D1B-5929-4AB0-80E9-93FA9ED2F350}
	EndGlobalSection
EndGlobal
